
Microsoft Visual Studio Solution File, Format Version 12.00
# Visual Studio Version 17
VisualStudioVersion = 17.4.33213.308
MinimumVisualStudioVersion = 10.0.40219.1
Project("{888888A0-9F3D-457C-B088-3A5042F75D52}") = "P8", "P8\P8.pyproj", "{7C9633B0-ACFF-451D-AB8A-C9CE2724B9D8}"
EndProject
Project("{2150E333-8FDC-42A3-9474-1A3956D46DE8}") = "ComparisonData", "ComparisonData", "{1419FD10-550D-4ADB-AA3E-0878D419FA6A}"
	ProjectSection(SolutionItems) = preProject
		ComparisonData\5shot.csv = ComparisonData\5shot.csv
		ComparisonData\readme.md = ComparisonData\readme.md
	EndProjectSection
EndProject
Project("{2150E333-8FDC-42A3-9474-1A3956D46DE8}") = "Classifier", "Classifier", "{73EE7BBB-0BA3-4562-80A8-886BF88BAD39}"
	ProjectSection(SolutionItems) = preProject
		Classifier\CMakeLists.txt = Classifier\CMakeLists.txt
		Classifier\main.cpp = Classifier\main.cpp
	EndProjectSection
EndProject
Project("{2150E333-8FDC-42A3-9474-1A3956D46DE8}") = "src", "src", "{CECEA3B9-B43C-4A01-A20B-9C6BEB4E7FDD}"
	ProjectSection(SolutionItems) = preProject
		Classifier\src\ArgumentParsing.h = Classifier\src\ArgumentParsing.h
		Classifier\src\Classification.h = Classifier\src\Classification.h
		Classifier\src\FileReading.h = Classifier\src\FileReading.h
		Classifier\src\Types.h = Classifier\src\Types.h
	EndProjectSection
EndProject
Global
	GlobalSection(SolutionConfigurationPlatforms) = preSolution
		Debug|Any CPU = Debug|Any CPU
		Release|Any CPU = Release|Any CPU
	EndGlobalSection
	GlobalSection(ProjectConfigurationPlatforms) = postSolution
		{7C9633B0-ACFF-451D-AB8A-C9CE2724B9D8}.Debug|Any CPU.ActiveCfg = Debug|Any CPU
		{7C9633B0-ACFF-451D-AB8A-C9CE2724B9D8}.Release|Any CPU.ActiveCfg = Release|Any CPU
	EndGlobalSection
	GlobalSection(SolutionProperties) = preSolution
		HideSolutionNode = FALSE
	EndGlobalSection
	GlobalSection(NestedProjects) = preSolution
		{CECEA3B9-B43C-4A01-A20B-9C6BEB4E7FDD} = {73EE7BBB-0BA3-4562-80A8-886BF88BAD39}
	EndGlobalSection
	GlobalSection(ExtensibilityGlobals) = postSolution
		SolutionGuid = {4127FEE0-AD61-4EA6-B375-6EB31E903073}
	EndGlobalSection
EndGlobal
